
Microsoft Visual Studio Solution File, Format Version 12.00
# Visual Studio Version 16
VisualStudioVersion = 16.0.28922.388
MinimumVisualStudioVersion = 10.0.40219.1
Project("{FAE04EC0-301F-11D3-BF4B-00C04F79EFBC}") = "OgreVent", "OgreVent.csproj", "{C8E7DDE3-FD3A-4046-9E1E-4566AC7F4816}"
EndProject
Global
	GlobalSection(SolutionConfigurationPlatforms) = preSolution
		Debug|Any CPU = Debug|Any CPU
		Release|Any CPU = Release|Any CPU
	EndGlobalSection
	GlobalSection(ProjectConfigurationPlatforms) = postSolution
		{C8E7DDE3-FD3A-4046-9E1E-4566AC7F4816}.Debug|Any CPU.ActiveCfg = Debug|Any CPU
		{C8E7DDE3-FD3A-4046-9E1E-4566AC7F4816}.Debug|Any CPU.Build.0 = Debug|Any CPU
		{C8E7DDE3-FD3A-4046-9E1E-4566AC7F4816}.Release|Any CPU.ActiveCfg = Release|Any CPU
		{C8E7DDE3-FD3A-4046-9E1E-4566AC7F4816}.Release|Any CPU.Build.0 = Release|Any CPU
	EndGlobalSection
	GlobalSection(SolutionProperties) = preSolution
		HideSolutionNode = FALSE
	EndGlobalSection
	GlobalSection(ExtensibilityGlobals) = postSolution
		SolutionGuid = {7E3349B4-FA5B-469F-ADFC-78847DDB5BEA}
	EndGlobalSection
EndGlobal
